
Microsoft Visual Studio Solution File, Format Version 12.00
# Visual Studio 15
VisualStudioVersion = 15.0.28307.1622
MinimumVisualStudioVersion = 10.0.40219.1
Project("{FAE04EC0-301F-11D3-BF4B-00C04F79EFBC}") = "DrillingHoles", "DrillingHoles\DrillingHoles.csproj", "{FC04A8E7-F6F1-4A70-A85C-77BC0068AE65}"
EndProject
Project("{FAE04EC0-301F-11D3-BF4B-00C04F79EFBC}") = "Tests", "Tests\Tests.csproj", "{4361134E-9CEA-4B3E-8FA1-2764B2DAB86B}"
EndProject
Global
	GlobalSection(SolutionConfigurationPlatforms) = preSolution
		Debug|Any CPU = Debug|Any CPU
		Release|Any CPU = Release|Any CPU
	EndGlobalSection
	GlobalSection(ProjectConfigurationPlatforms) = postSolution
		{FC04A8E7-F6F1-4A70-A85C-77BC0068AE65}.Debug|Any CPU.ActiveCfg = Debug|Any CPU
		{FC04A8E7-F6F1-4A70-A85C-77BC0068AE65}.Debug|Any CPU.Build.0 = Debug|Any CPU
		{FC04A8E7-F6F1-4A70-A85C-77BC0068AE65}.Release|Any CPU.ActiveCfg = Release|Any CPU
		{FC04A8E7-F6F1-4A70-A85C-77BC0068AE65}.Release|Any CPU.Build.0 = Release|Any CPU
		{4361134E-9CEA-4B3E-8FA1-2764B2DAB86B}.Debug|Any CPU.ActiveCfg = Debug|Any CPU
		{4361134E-9CEA-4B3E-8FA1-2764B2DAB86B}.Debug|Any CPU.Build.0 = Debug|Any CPU
		{4361134E-9CEA-4B3E-8FA1-2764B2DAB86B}.Release|Any CPU.ActiveCfg = Release|Any CPU
		{4361134E-9CEA-4B3E-8FA1-2764B2DAB86B}.Release|Any CPU.Build.0 = Release|Any CPU
	EndGlobalSection
	GlobalSection(SolutionProperties) = preSolution
		HideSolutionNode = FALSE
	EndGlobalSection
	GlobalSection(ExtensibilityGlobals) = postSolution
		SolutionGuid = {30C08CA6-CF87-48A6-9427-EC224FFAB238}
	EndGlobalSection
EndGlobal
